
Microsoft Visual Studio Solution File, Format Version 12.00
# Visual Studio Version 17
VisualStudioVersion = 17.3.32929.385
MinimumVisualStudioVersion = 10.0.40219.1
Project("{FAE04EC0-301F-11D3-BF4B-00C04F79EFBC}") = "MPay4399Wrapper", "MPay4399Wrapper.csproj", "{98B19077-B15D-4CDA-B9B7-376B65E64F59}"
EndProject
Global
	GlobalSection(SolutionConfigurationPlatforms) = preSolution
		Debug|Any CPU = Debug|Any CPU
		Release|Any CPU = Release|Any CPU
	EndGlobalSection
	GlobalSection(ProjectConfigurationPlatforms) = postSolution
		{98B19077-B15D-4CDA-B9B7-376B65E64F59}.Debug|Any CPU.ActiveCfg = Debug|Any CPU
		{98B19077-B15D-4CDA-B9B7-376B65E64F59}.Debug|Any CPU.Build.0 = Debug|Any CPU
		{98B19077-B15D-4CDA-B9B7-376B65E64F59}.Release|Any CPU.ActiveCfg = Release|Any CPU
		{98B19077-B15D-4CDA-B9B7-376B65E64F59}.Release|Any CPU.Build.0 = Release|Any CPU
	EndGlobalSection
	GlobalSection(SolutionProperties) = preSolution
		HideSolutionNode = FALSE
	EndGlobalSection
	GlobalSection(ExtensibilityGlobals) = postSolution
		SolutionGuid = {C05FFCC3-2C98-4D91-B75C-071386EB7C93}
	EndGlobalSection
EndGlobal
